// !$*UTF8*$!
{
	archiveVersion = 1;
	classes = {
	};
	objectVersion = 46;
	objects = {

/* Begin PBXBuildFile section */
		282DFBA31B0CAD0000BB9D54 /* Runner.atlas in Resources */ = {isa = PBXBuildFile; fileRef = 282DFBA21B0CAD0000BB9D54 /* Runner.atlas */; };
		282DFBA51B0CB0BF00BB9D54 /* BearImages.atlas in Resources */ = {isa = PBXBuildFile; fileRef = 282DFBA41B0CB0BF00BB9D54 /* BearImages.atlas */; };
		289D4F9E1B32D2CE009E8BAB /* GameMultiScene.sks in Resources */ = {isa = PBXBuildFile; fileRef = 289D4F9C1B32D2CE009E8BAB /* GameMultiScene.sks */; };
		289D4F9F1B32D2CE009E8BAB /* GameMultiScene.swift in Sources */ = {isa = PBXBuildFile; fileRef = 289D4F9D1B32D2CE009E8BAB /* GameMultiScene.swift */; };
		28B665671B303D0F0094C888 /* GameOverScene.swift in Sources */ = {isa = PBXBuildFile; fileRef = 28B665661B303D0F0094C888 /* GameOverScene.swift */; };
		28B665691B303D260094C888 /* GameOverScene.sks in Resources */ = {isa = PBXBuildFile; fileRef = 28B665681B303D260094C888 /* GameOverScene.sks */; };
		28B6656C1B303D600094C888 /* MenuScene.sks in Resources */ = {isa = PBXBuildFile; fileRef = 28B6656A1B303D600094C888 /* MenuScene.sks */; };
		28B6656D1B303D600094C888 /* MenuScene.swift in Sources */ = {isa = PBXBuildFile; fileRef = 28B6656B1B303D600094C888 /* MenuScene.swift */; };
		28D3BFEE1B1F31D2000F21E5 /* SwiftyJSON.swift in Sources */ = {isa = PBXBuildFile; fileRef = 28D3BFED1B1F31D2000F21E5 /* SwiftyJSON.swift */; };
		28DC021C1AF238C200B8E9DE /* AppDelegate.swift in Sources */ = {isa = PBXBuildFile; fileRef = 28DC021B1AF238C200B8E9DE /* AppDelegate.swift */; };
		28DC021E1AF238C200B8E9DE /* GameScene.sks in Resources */ = {isa = PBXBuildFile; fileRef = 28DC021D1AF238C200B8E9DE /* GameScene.sks */; };
		28DC02201AF238C200B8E9DE /* GameScene.swift in Sources */ = {isa = PBXBuildFile; fileRef = 28DC021F1AF238C200B8E9DE /* GameScene.swift */; };
		28DC02221AF238C200B8E9DE /* GameViewController.swift in Sources */ = {isa = PBXBuildFile; fileRef = 28DC02211AF238C200B8E9DE /* GameViewController.swift */; };
		28DC02251AF238C200B8E9DE /* Main.storyboard in Resources */ = {isa = PBXBuildFile; fileRef = 28DC02231AF238C200B8E9DE /* Main.storyboard */; };
		28DC02271AF238C200B8E9DE /* Images.xcassets in Resources */ = {isa = PBXBuildFile; fileRef = 28DC02261AF238C200B8E9DE /* Images.xcassets */; };
		28DC022A1AF238C200B8E9DE /* LaunchScreen.xib in Resources */ = {isa = PBXBuildFile; fileRef = 28DC02281AF238C200B8E9DE /* LaunchScreen.xib */; };
		28DC02361AF238C200B8E9DE /* leopardrunTests.swift in Sources */ = {isa = PBXBuildFile; fileRef = 28DC02351AF238C200B8E9DE /* leopardrunTests.swift */; };
		7B43FD1E1B32BBD70037D9AA /* Sounds in Resources */ = {isa = PBXBuildFile; fileRef = 7B43FD1D1B32BBD70037D9AA /* Sounds */; };
		7B43FD201B32BC220037D9AA /* theme.mp3 in Resources */ = {isa = PBXBuildFile; fileRef = 7B43FD1F1B32BC220037D9AA /* theme.mp3 */; };
		7B43FD221B32C1400037D9AA /* theme.ogg in Resources */ = {isa = PBXBuildFile; fileRef = 7B43FD211B32C1400037D9AA /* theme.ogg */; };
		7B43FD241B32C3E70037D9AA /* theme.wav in Resources */ = {isa = PBXBuildFile; fileRef = 7B43FD231B32C3E70037D9AA /* theme.wav */; };
		7B43FD261B32CE5A0037D9AA /* jump.wav in Resources */ = {isa = PBXBuildFile; fileRef = 7B43FD251B32CE5A0037D9AA /* jump.wav */; };
		7B43FD281B32D0650037D9AA /* dead.wav in Resources */ = {isa = PBXBuildFile; fileRef = 7B43FD271B32D0640037D9AA /* dead.wav */; };
		7B74C5D11AFF956A007748F3 /* RessourceManager.swift in Sources */ = {isa = PBXBuildFile; fileRef = 7B74C5D01AFF956A007748F3 /* RessourceManager.swift */; };
		7B74C5D31AFF9587007748F3 /* GameBaseScene.swift in Sources */ = {isa = PBXBuildFile; fileRef = 7B74C5D21AFF9587007748F3 /* GameBaseScene.swift */; };
		7B74C5D51AFF958F007748F3 /* SoundManager.swift in Sources */ = {isa = PBXBuildFile; fileRef = 7B74C5D41AFF958F007748F3 /* SoundManager.swift */; };
		7B74C5D91AFF95B3007748F3 /* LevelManager.swift in Sources */ = {isa = PBXBuildFile; fileRef = 7B74C5D81AFF95B3007748F3 /* LevelManager.swift */; };
		7B74C5DB1AFF95C1007748F3 /* NetworkManager.swift in Sources */ = {isa = PBXBuildFile; fileRef = 7B74C5DA1AFF95C1007748F3 /* NetworkManager.swift */; };
		7B74C5DD1AFF95CA007748F3 /* ScoreManager.swift in Sources */ = {isa = PBXBuildFile; fileRef = 7B74C5DC1AFF95CA007748F3 /* ScoreManager.swift */; };
		7B74C5DF1AFF95D7007748F3 /* Obstacle.swift in Sources */ = {isa = PBXBuildFile; fileRef = 7B74C5DE1AFF95D7007748F3 /* Obstacle.swift */; };
		7B74C5E11AFF95DF007748F3 /* Item.swift in Sources */ = {isa = PBXBuildFile; fileRef = 7B74C5E01AFF95DF007748F3 /* Item.swift */; };
		7B74C5E31AFF95F1007748F3 /* Player.swift in Sources */ = {isa = PBXBuildFile; fileRef = 7B74C5E21AFF95F1007748F3 /* Player.swift */; };
		7B846DC71AFFA54A0040F7A8 /* Entity.swift in Sources */ = {isa = PBXBuildFile; fileRef = 7B846DC61AFFA54A0040F7A8 /* Entity.swift */; };
		7BFA9DFB1B2055CF00E92F03 /* Leopard.atlas in Resources */ = {isa = PBXBuildFile; fileRef = 7BFA9DFA1B2055CF00E92F03 /* Leopard.atlas */; };
		AB1524A81B413AC7002C50E2 /* libPods-SocketRocket.a in Frameworks */ = {isa = PBXBuildFile; fileRef = AB1524A71B413AB4002C50E2 /* libPods-SocketRocket.a */; };
		AB1524A91B413AC7002C50E2 /* libPods.a in Frameworks */ = {isa = PBXBuildFile; fileRef = AB1524A51B413AB4002C50E2 /* libPods.a */; };
		AB1524AB1B41985C002C50E2 /* GameBaseScene.sks in Resources */ = {isa = PBXBuildFile; fileRef = AB1524AA1B41985C002C50E2 /* GameBaseScene.sks */; };
/* End PBXBuildFile section */

/* Begin PBXContainerItemProxy section */
		28DC02301AF238C200B8E9DE /* PBXContainerItemProxy */ = {
			isa = PBXContainerItemProxy;
			containerPortal = 28DC020E1AF238C100B8E9DE /* Project object */;
			proxyType = 1;
			remoteGlobalIDString = 28DC02151AF238C200B8E9DE;
			remoteInfo = leopardrun;
		};
		AB1524A41B413AB4002C50E2 /* PBXContainerItemProxy */ = {
			isa = PBXContainerItemProxy;
			containerPortal = AB15249F1B413AB4002C50E2 /* Pods.xcodeproj */;
			proxyType = 2;
			remoteGlobalIDString = F6B3FC699518413324E22F68;
			remoteInfo = Pods;
		};
		AB1524A61B413AB4002C50E2 /* PBXContainerItemProxy */ = {
			isa = PBXContainerItemProxy;
			containerPortal = AB15249F1B413AB4002C50E2 /* Pods.xcodeproj */;
			proxyType = 2;
			remoteGlobalIDString = 259AB844946BA136A5BFCB8C;
			remoteInfo = "Pods-SocketRocket";
		};
/* End PBXContainerItemProxy section */

/* Begin PBXFileReference section */
		03C5FD02CA65F58CAB953683 /* libPods.a */ = {isa = PBXFileReference; explicitFileType = archive.ar; includeInIndex = 0; path = libPods.a; sourceTree = BUILT_PRODUCTS_DIR; };
		282DFBA21B0CAD0000BB9D54 /* Runner.atlas */ = {isa = PBXFileReference; lastKnownFileType = folder.skatlas; path = Runner.atlas; sourceTree = "<group>"; };
		282DFBA41B0CB0BF00BB9D54 /* BearImages.atlas */ = {isa = PBXFileReference; lastKnownFileType = folder.skatlas; path = BearImages.atlas; sourceTree = "<group>"; };
		283C74DA1AF23EC3005CD9B4 /* leopardrun-Bridging-Header.h */ = {isa = PBXFileReference; lastKnownFileType = sourcecode.c.h; path = "leopardrun-Bridging-Header.h"; sourceTree = "<group>"; };
		289D4F9C1B32D2CE009E8BAB /* GameMultiScene.sks */ = {isa = PBXFileReference; lastKnownFileType = file.sks; path = GameMultiScene.sks; sourceTree = "<group>"; };
		289D4F9D1B32D2CE009E8BAB /* GameMultiScene.swift */ = {isa = PBXFileReference; fileEncoding = 4; lastKnownFileType = sourcecode.swift; path = GameMultiScene.swift; sourceTree = "<group>"; };
		28B665661B303D0F0094C888 /* GameOverScene.swift */ = {isa = PBXFileReference; fileEncoding = 4; lastKnownFileType = sourcecode.swift; path = GameOverScene.swift; sourceTree = "<group>"; };
		28B665681B303D260094C888 /* GameOverScene.sks */ = {isa = PBXFileReference; lastKnownFileType = file.sks; path = GameOverScene.sks; sourceTree = "<group>"; };
		28B6656A1B303D600094C888 /* MenuScene.sks */ = {isa = PBXFileReference; lastKnownFileType = file.sks; path = MenuScene.sks; sourceTree = "<group>"; };
		28B6656B1B303D600094C888 /* MenuScene.swift */ = {isa = PBXFileReference; fileEncoding = 4; lastKnownFileType = sourcecode.swift; path = MenuScene.swift; sourceTree = "<group>"; };
		28D3BFED1B1F31D2000F21E5 /* SwiftyJSON.swift */ = {isa = PBXFileReference; fileEncoding = 4; lastKnownFileType = sourcecode.swift; path = SwiftyJSON.swift; sourceTree = "<group>"; };
		28DC02161AF238C200B8E9DE /* leopardrun.app */ = {isa = PBXFileReference; explicitFileType = wrapper.application; includeInIndex = 0; path = leopardrun.app; sourceTree = BUILT_PRODUCTS_DIR; };
		28DC021A1AF238C200B8E9DE /* Info.plist */ = {isa = PBXFileReference; lastKnownFileType = text.plist.xml; path = Info.plist; sourceTree = "<group>"; };
		28DC021B1AF238C200B8E9DE /* AppDelegate.swift */ = {isa = PBXFileReference; lastKnownFileType = sourcecode.swift; path = AppDelegate.swift; sourceTree = "<group>"; };
		28DC021D1AF238C200B8E9DE /* GameScene.sks */ = {isa = PBXFileReference; lastKnownFileType = file.sks; path = GameScene.sks; sourceTree = "<group>"; };
		28DC021F1AF238C200B8E9DE /* GameScene.swift */ = {isa = PBXFileReference; lastKnownFileType = sourcecode.swift; path = GameScene.swift; sourceTree = "<group>"; };
		28DC02211AF238C200B8E9DE /* GameViewController.swift */ = {isa = PBXFileReference; lastKnownFileType = sourcecode.swift; path = GameViewController.swift; sourceTree = "<group>"; };
		28DC02241AF238C200B8E9DE /* Base */ = {isa = PBXFileReference; lastKnownFileType = file.storyboard; name = Base; path = Base.lproj/Main.storyboard; sourceTree = "<group>"; };
		28DC02261AF238C200B8E9DE /* Images.xcassets */ = {isa = PBXFileReference; lastKnownFileType = folder.assetcatalog; path = Images.xcassets; sourceTree = "<group>"; };
		28DC02291AF238C200B8E9DE /* Base */ = {isa = PBXFileReference; lastKnownFileType = file.xib; name = Base; path = Base.lproj/LaunchScreen.xib; sourceTree = "<group>"; };
		28DC022F1AF238C200B8E9DE /* leopardrunTests.xctest */ = {isa = PBXFileReference; explicitFileType = wrapper.cfbundle; includeInIndex = 0; path = leopardrunTests.xctest; sourceTree = BUILT_PRODUCTS_DIR; };
		28DC02341AF238C200B8E9DE /* Info.plist */ = {isa = PBXFileReference; lastKnownFileType = text.plist.xml; path = Info.plist; sourceTree = "<group>"; };
		28DC02351AF238C200B8E9DE /* leopardrunTests.swift */ = {isa = PBXFileReference; lastKnownFileType = sourcecode.swift; path = leopardrunTests.swift; sourceTree = "<group>"; };
		6CEDD501F473934333A4463F /* Pods.release.xcconfig */ = {isa = PBXFileReference; includeInIndex = 1; lastKnownFileType = text.xcconfig; name = Pods.release.xcconfig; path = "Pods/Target Support Files/Pods/Pods.release.xcconfig"; sourceTree = "<group>"; };
		7B43FD1D1B32BBD70037D9AA /* Sounds */ = {isa = PBXFileReference; lastKnownFileType = folder; path = Sounds; sourceTree = "<group>"; };
		7B43FD1F1B32BC220037D9AA /* theme.mp3 */ = {isa = PBXFileReference; lastKnownFileType = audio.mp3; name = theme.mp3; path = Sounds/theme.mp3; sourceTree = "<group>"; };
		7B43FD211B32C1400037D9AA /* theme.ogg */ = {isa = PBXFileReference; lastKnownFileType = file; name = theme.ogg; path = Sounds/theme.ogg; sourceTree = "<group>"; };
		7B43FD231B32C3E70037D9AA /* theme.wav */ = {isa = PBXFileReference; lastKnownFileType = audio.wav; name = theme.wav; path = Sounds/theme.wav; sourceTree = "<group>"; };
		7B43FD251B32CE5A0037D9AA /* jump.wav */ = {isa = PBXFileReference; lastKnownFileType = audio.wav; name = jump.wav; path = Sounds/jump.wav; sourceTree = "<group>"; };
		7B43FD271B32D0640037D9AA /* dead.wav */ = {isa = PBXFileReference; lastKnownFileType = audio.wav; name = dead.wav; path = Sounds/dead.wav; sourceTree = "<group>"; };
		7B74C5D01AFF956A007748F3 /* RessourceManager.swift */ = {isa = PBXFileReference; fileEncoding = 4; lastKnownFileType = sourcecode.swift; path = RessourceManager.swift; sourceTree = "<group>"; };
		7B74C5D21AFF9587007748F3 /* GameBaseScene.swift */ = {isa = PBXFileReference; fileEncoding = 4; lastKnownFileType = sourcecode.swift; path = GameBaseScene.swift; sourceTree = "<group>"; };
		7B74C5D41AFF958F007748F3 /* SoundManager.swift */ = {isa = PBXFileReference; fileEncoding = 4; lastKnownFileType = sourcecode.swift; path = SoundManager.swift; sourceTree = "<group>"; };
		7B74C5D81AFF95B3007748F3 /* LevelManager.swift */ = {isa = PBXFileReference; fileEncoding = 4; lastKnownFileType = sourcecode.swift; path = LevelManager.swift; sourceTree = "<group>"; };
		7B74C5DA1AFF95C1007748F3 /* NetworkManager.swift */ = {isa = PBXFileReference; fileEncoding = 4; lastKnownFileType = sourcecode.swift; path = NetworkManager.swift; sourceTree = "<group>"; };
		7B74C5DC1AFF95CA007748F3 /* ScoreManager.swift */ = {isa = PBXFileReference; fileEncoding = 4; lastKnownFileType = sourcecode.swift; path = ScoreManager.swift; sourceTree = "<group>"; };
		7B74C5DE1AFF95D7007748F3 /* Obstacle.swift */ = {isa = PBXFileReference; fileEncoding = 4; lastKnownFileType = sourcecode.swift; path = Obstacle.swift; sourceTree = "<group>"; };
		7B74C5E01AFF95DF007748F3 /* Item.swift */ = {isa = PBXFileReference; fileEncoding = 4; lastKnownFileType = sourcecode.swift; path = Item.swift; sourceTree = "<group>"; };
		7B74C5E21AFF95F1007748F3 /* Player.swift */ = {isa = PBXFileReference; fileEncoding = 4; lastKnownFileType = sourcecode.swift; path = Player.swift; sourceTree = "<group>"; };
		7B846DC61AFFA54A0040F7A8 /* Entity.swift */ = {isa = PBXFileReference; fileEncoding = 4; lastKnownFileType = sourcecode.swift; path = Entity.swift; sourceTree = "<group>"; };
		7BFA9DFA1B2055CF00E92F03 /* Leopard.atlas */ = {isa = PBXFileReference; lastKnownFileType = folder.skatlas; path = Leopard.atlas; sourceTree = "<group>"; };
		AB15249F1B413AB4002C50E2 /* Pods.xcodeproj */ = {isa = PBXFileReference; lastKnownFileType = "wrapper.pb-project"; name = Pods.xcodeproj; path = Pods/Pods.xcodeproj; sourceTree = "<group>"; };
		AB1524AA1B41985C002C50E2 /* GameBaseScene.sks */ = {isa = PBXFileReference; lastKnownFileType = file.sks; path = GameBaseScene.sks; sourceTree = "<group>"; };
		FCA38A97B366B847BA2F9187 /* Pods.debug.xcconfig */ = {isa = PBXFileReference; includeInIndex = 1; lastKnownFileType = text.xcconfig; name = Pods.debug.xcconfig; path = "Pods/Target Support Files/Pods/Pods.debug.xcconfig"; sourceTree = "<group>"; };
/* End PBXFileReference section */

/* Begin PBXFrameworksBuildPhase section */
		28DC02131AF238C200B8E9DE /* Frameworks */ = {
			isa = PBXFrameworksBuildPhase;
			buildActionMask = 2147483647;
			files = (
				AB1524A81B413AC7002C50E2 /* libPods-SocketRocket.a in Frameworks */,
				AB1524A91B413AC7002C50E2 /* libPods.a in Frameworks */,
			);
			runOnlyForDeploymentPostprocessing = 0;
		};
		28DC022C1AF238C200B8E9DE /* Frameworks */ = {
			isa = PBXFrameworksBuildPhase;
			buildActionMask = 2147483647;
			files = (
			);
			runOnlyForDeploymentPostprocessing = 0;
		};
/* End PBXFrameworksBuildPhase section */

/* Begin PBXGroup section */
		282DFBA11B0CAC5200BB9D54 /* Sprites */ = {
			isa = PBXGroup;
			children = (
				7BFA9DFA1B2055CF00E92F03 /* Leopard.atlas */,
				282DFBA41B0CB0BF00BB9D54 /* BearImages.atlas */,
				282DFBA21B0CAD0000BB9D54 /* Runner.atlas */,
			);
			name = Sprites;
			sourceTree = "<group>";
		};
		289927F01B0B5AAF0061FBA3 /* menu */ = {
			isa = PBXGroup;
			children = (
				28B6656A1B303D600094C888 /* MenuScene.sks */,
				28B6656B1B303D600094C888 /* MenuScene.swift */,
			);
			name = menu;
			sourceTree = "<group>";
		};
		289927F71B0B62BF0061FBA3 /* game */ = {
			isa = PBXGroup;
			children = (
				289D4F9C1B32D2CE009E8BAB /* GameMultiScene.sks */,
				289D4F9D1B32D2CE009E8BAB /* GameMultiScene.swift */,
				28DC021D1AF238C200B8E9DE /* GameScene.sks */,
				28DC021F1AF238C200B8E9DE /* GameScene.swift */,
			);
			name = game;
			sourceTree = "<group>";
		};
		28B665651B303CD50094C888 /* gameover */ = {
			isa = PBXGroup;
			children = (
				28B665661B303D0F0094C888 /* GameOverScene.swift */,
				28B665681B303D260094C888 /* GameOverScene.sks */,
			);
			name = gameover;
			sourceTree = "<group>";
		};
		28D3BFEC1B1F31C6000F21E5 /* Helper */ = {
			isa = PBXGroup;
			children = (
				28D3BFED1B1F31D2000F21E5 /* SwiftyJSON.swift */,
			);
			name = Helper;
			sourceTree = "<group>";
		};
		28DC020D1AF238C100B8E9DE = {
			isa = PBXGroup;
			children = (
				28DC02181AF238C200B8E9DE /* leopardrun */,
				28DC02321AF238C200B8E9DE /* leopardrunTests */,
				28DC02171AF238C200B8E9DE /* Products */,
				DA8DB8963D0BA09F96E92885 /* Pods */,
				33B1A219F298945EC7095F34 /* Frameworks */,
			);
			sourceTree = "<group>";
		};
		28DC02171AF238C200B8E9DE /* Products */ = {
			isa = PBXGroup;
			children = (
				28DC02161AF238C200B8E9DE /* leopardrun.app */,
				28DC022F1AF238C200B8E9DE /* leopardrunTests.xctest */,
			);
			name = Products;
			sourceTree = "<group>";
		};
		28DC02181AF238C200B8E9DE /* leopardrun */ = {
			isa = PBXGroup;
			children = (
				7B43FD1D1B32BBD70037D9AA /* Sounds */,
				28D3BFEC1B1F31C6000F21E5 /* Helper */,
				282DFBA11B0CAC5200BB9D54 /* Sprites */,
				7B74C5CE1AFF9522007748F3 /* Screens */,
				7B74C5CD1AFF9516007748F3 /* Manager */,
				7B74C5CC1AFF94EB007748F3 /* Entity */,
				28DC021B1AF238C200B8E9DE /* AppDelegate.swift */,
				28DC02231AF238C200B8E9DE /* Main.storyboard */,
				28DC02261AF238C200B8E9DE /* Images.xcassets */,
				28DC02281AF238C200B8E9DE /* LaunchScreen.xib */,
				28DC02191AF238C200B8E9DE /* Supporting Files */,
				283C74DA1AF23EC3005CD9B4 /* leopardrun-Bridging-Header.h */,
			);
			path = leopardrun;
			sourceTree = "<group>";
		};
		28DC02191AF238C200B8E9DE /* Supporting Files */ = {
			isa = PBXGroup;
			children = (
				7B43FD271B32D0640037D9AA /* dead.wav */,
				7B43FD251B32CE5A0037D9AA /* jump.wav */,
				7B43FD231B32C3E70037D9AA /* theme.wav */,
				7B43FD211B32C1400037D9AA /* theme.ogg */,
				7B43FD1F1B32BC220037D9AA /* theme.mp3 */,
				28DC021A1AF238C200B8E9DE /* Info.plist */,
			);
			name = "Supporting Files";
			sourceTree = "<group>";
		};
		28DC02321AF238C200B8E9DE /* leopardrunTests */ = {
			isa = PBXGroup;
			children = (
				28DC02351AF238C200B8E9DE /* leopardrunTests.swift */,
				28DC02331AF238C200B8E9DE /* Supporting Files */,
			);
			path = leopardrunTests;
			sourceTree = "<group>";
		};
		28DC02331AF238C200B8E9DE /* Supporting Files */ = {
			isa = PBXGroup;
			children = (
				28DC02341AF238C200B8E9DE /* Info.plist */,
			);
			name = "Supporting Files";
			sourceTree = "<group>";
		};
		33B1A219F298945EC7095F34 /* Frameworks */ = {
			isa = PBXGroup;
			children = (
				AB15249F1B413AB4002C50E2 /* Pods.xcodeproj */,
				03C5FD02CA65F58CAB953683 /* libPods.a */,
			);
			name = Frameworks;
			sourceTree = "<group>";
		};
		7B74C5CC1AFF94EB007748F3 /* Entity */ = {
			isa = PBXGroup;
			children = (
				7B74C5DE1AFF95D7007748F3 /* Obstacle.swift */,
				7B74C5E01AFF95DF007748F3 /* Item.swift */,
				7B74C5E21AFF95F1007748F3 /* Player.swift */,
				7B846DC61AFFA54A0040F7A8 /* Entity.swift */,
			);
			name = Entity;
			sourceTree = "<group>";
		};
		7B74C5CD1AFF9516007748F3 /* Manager */ = {
			isa = PBXGroup;
			children = (
				7B74C5D01AFF956A007748F3 /* RessourceManager.swift */,
				7B74C5D41AFF958F007748F3 /* SoundManager.swift */,
				7B74C5D81AFF95B3007748F3 /* LevelManager.swift */,
				7B74C5DA1AFF95C1007748F3 /* NetworkManager.swift */,
				7B74C5DC1AFF95CA007748F3 /* ScoreManager.swift */,
			);
			name = Manager;
			sourceTree = "<group>";
		};
		7B74C5CE1AFF9522007748F3 /* Screens */ = {
			isa = PBXGroup;
			children = (
				28B665651B303CD50094C888 /* gameover */,
				289927F71B0B62BF0061FBA3 /* game */,
				289927F01B0B5AAF0061FBA3 /* menu */,
				28DC02211AF238C200B8E9DE /* GameViewController.swift */,
				7B74C5D21AFF9587007748F3 /* GameBaseScene.swift */,
				AB1524AA1B41985C002C50E2 /* GameBaseScene.sks */,
			);
			name = Screens;
			sourceTree = "<group>";
		};
		AB1524A01B413AB4002C50E2 /* Products */ = {
			isa = PBXGroup;
			children = (
				AB1524A51B413AB4002C50E2 /* libPods.a */,
				AB1524A71B413AB4002C50E2 /* libPods-SocketRocket.a */,
			);
			name = Products;
			sourceTree = "<group>";
		};
		DA8DB8963D0BA09F96E92885 /* Pods */ = {
			isa = PBXGroup;
			children = (
				FCA38A97B366B847BA2F9187 /* Pods.debug.xcconfig */,
				6CEDD501F473934333A4463F /* Pods.release.xcconfig */,
			);
			name = Pods;
			sourceTree = "<group>";
		};
/* End PBXGroup section */

/* Begin PBXNativeTarget section */
		28DC02151AF238C200B8E9DE /* leopardrun */ = {
			isa = PBXNativeTarget;
			buildConfigurationList = 28DC02391AF238C200B8E9DE /* Build configuration list for PBXNativeTarget "leopardrun" */;
			buildPhases = (
				B4CF6F364E4BE2D9D9A43E9D /* Check Pods Manifest.lock */,
				28DC02121AF238C200B8E9DE /* Sources */,
				28DC02131AF238C200B8E9DE /* Frameworks */,
				28DC02141AF238C200B8E9DE /* Resources */,
				8458ED0A2C066A1F40CD6031 /* Copy Pods Resources */,
			);
			buildRules = (
			);
			dependencies = (
			);
			name = leopardrun;
			productName = leopardrun;
			productReference = 28DC02161AF238C200B8E9DE /* leopardrun.app */;
			productType = "com.apple.product-type.application";
		};
		28DC022E1AF238C200B8E9DE /* leopardrunTests */ = {
			isa = PBXNativeTarget;
			buildConfigurationList = 28DC023C1AF238C200B8E9DE /* Build configuration list for PBXNativeTarget "leopardrunTests" */;
			buildPhases = (
				28DC022B1AF238C200B8E9DE /* Sources */,
				28DC022C1AF238C200B8E9DE /* Frameworks */,
				28DC022D1AF238C200B8E9DE /* Resources */,
			);
			buildRules = (
			);
			dependencies = (
				28DC02311AF238C200B8E9DE /* PBXTargetDependency */,
			);
			name = leopardrunTests;
			productName = leopardrunTests;
			productReference = 28DC022F1AF238C200B8E9DE /* leopardrunTests.xctest */;
			productType = "com.apple.product-type.bundle.unit-test";
		};
/* End PBXNativeTarget section */

/* Begin PBXProject section */
		28DC020E1AF238C100B8E9DE /* Project object */ = {
			isa = PBXProject;
			attributes = {
				LastUpgradeCheck = 0630;
				ORGANIZATIONNAME = "Grandmaster Dumass!";
				TargetAttributes = {
					28DC02151AF238C200B8E9DE = {
						CreatedOnToolsVersion = 6.3.1;
					};
					28DC022E1AF238C200B8E9DE = {
						CreatedOnToolsVersion = 6.3.1;
						DevelopmentTeam = DW39USPMG2;
						TestTargetID = 28DC02151AF238C200B8E9DE;
					};
				};
			};
			buildConfigurationList = 28DC02111AF238C200B8E9DE /* Build configuration list for PBXProject "leopardrun" */;
			compatibilityVersion = "Xcode 3.2";
			developmentRegion = English;
			hasScannedForEncodings = 0;
			knownRegions = (
				en,
				Base,
			);
			mainGroup = 28DC020D1AF238C100B8E9DE;
			productRefGroup = 28DC02171AF238C200B8E9DE /* Products */;
			projectDirPath = "";
			projectReferences = (
				{
					ProductGroup = AB1524A01B413AB4002C50E2 /* Products */;
					ProjectRef = AB15249F1B413AB4002C50E2 /* Pods.xcodeproj */;
				},
			);
			projectRoot = "";
			targets = (
				28DC02151AF238C200B8E9DE /* leopardrun */,
				28DC022E1AF238C200B8E9DE /* leopardrunTests */,
			);
		};
/* End PBXProject section */

/* Begin PBXReferenceProxy section */
		AB1524A51B413AB4002C50E2 /* libPods.a */ = {
			isa = PBXReferenceProxy;
			fileType = archive.ar;
			path = libPods.a;
			remoteRef = AB1524A41B413AB4002C50E2 /* PBXContainerItemProxy */;
			sourceTree = BUILT_PRODUCTS_DIR;
		};
		AB1524A71B413AB4002C50E2 /* libPods-SocketRocket.a */ = {
			isa = PBXReferenceProxy;
			fileType = archive.ar;
			path = "libPods-SocketRocket.a";
			remoteRef = AB1524A61B413AB4002C50E2 /* PBXContainerItemProxy */;
			sourceTree = BUILT_PRODUCTS_DIR;
		};
/* End PBXReferenceProxy section */

/* Begin PBXResourcesBuildPhase section */
		28DC02141AF238C200B8E9DE /* Resources */ = {
			isa = PBXResourcesBuildPhase;
			buildActionMask = 2147483647;
			files = (
				7B43FD281B32D0650037D9AA /* dead.wav in Resources */,
				7B43FD1E1B32BBD70037D9AA /* Sounds in Resources */,
				28DC022A1AF238C200B8E9DE /* LaunchScreen.xib in Resources */,
				28DC02271AF238C200B8E9DE /* Images.xcassets in Resources */,
				289D4F9E1B32D2CE009E8BAB /* GameMultiScene.sks in Resources */,
				7B43FD201B32BC220037D9AA /* theme.mp3 in Resources */,
				28DC021E1AF238C200B8E9DE /* GameScene.sks in Resources */,
				282DFBA51B0CB0BF00BB9D54 /* BearImages.atlas in Resources */,
				28B665691B303D260094C888 /* GameOverScene.sks in Resources */,
				7B43FD241B32C3E70037D9AA /* theme.wav in Resources */,
				28DC02251AF238C200B8E9DE /* Main.storyboard in Resources */,
				282DFBA31B0CAD0000BB9D54 /* Runner.atlas in Resources */,
				7B43FD261B32CE5A0037D9AA /* jump.wav in Resources */,
				28B6656C1B303D600094C888 /* MenuScene.sks in Resources */,
				7BFA9DFB1B2055CF00E92F03 /* Leopard.atlas in Resources */,
				7B43FD221B32C1400037D9AA /* theme.ogg in Resources */,
				AB1524AB1B41985C002C50E2 /* GameBaseScene.sks in Resources */,
			);
			runOnlyForDeploymentPostprocessing = 0;
		};
		28DC022D1AF238C200B8E9DE /* Resources */ = {
			isa = PBXResourcesBuildPhase;
			buildActionMask = 2147483647;
			files = (
			);
			runOnlyForDeploymentPostprocessing = 0;
		};
/* End PBXResourcesBuildPhase section */

/* Begin PBXShellScriptBuildPhase section */
		8458ED0A2C066A1F40CD6031 /* Copy Pods Resources */ = {
			isa = PBXShellScriptBuildPhase;
			buildActionMask = 2147483647;
			files = (
			);
			inputPaths = (
			);
			name = "Copy Pods Resources";
			outputPaths = (
			);
			runOnlyForDeploymentPostprocessing = 0;
			shellPath = /bin/sh;
			shellScript = "\"${SRCROOT}/Pods/Target Support Files/Pods/Pods-resources.sh\"\n";
			showEnvVarsInLog = 0;
		};
		B4CF6F364E4BE2D9D9A43E9D /* Check Pods Manifest.lock */ = {
			isa = PBXShellScriptBuildPhase;
			buildActionMask = 2147483647;
			files = (
			);
			inputPaths = (
			);
			name = "Check Pods Manifest.lock";
			outputPaths = (
			);
			runOnlyForDeploymentPostprocessing = 0;
			shellPath = /bin/sh;
			shellScript = "diff \"${PODS_ROOT}/../Podfile.lock\" \"${PODS_ROOT}/Manifest.lock\" > /dev/null\nif [[ $? != 0 ]] ; then\n    cat << EOM\nerror: The sandbox is not in sync with the Podfile.lock. Run 'pod install' or update your CocoaPods installation.\nEOM\n    exit 1\nfi\n";
			showEnvVarsInLog = 0;
		};
/* End PBXShellScriptBuildPhase section */

/* Begin PBXSourcesBuildPhase section */
		28DC02121AF238C200B8E9DE /* Sources */ = {
			isa = PBXSourcesBuildPhase;
			buildActionMask = 2147483647;
			files = (
				28B6656D1B303D600094C888 /* MenuScene.swift in Sources */,
				7B74C5DB1AFF95C1007748F3 /* NetworkManager.swift in Sources */,
				7B74C5DF1AFF95D7007748F3 /* Obstacle.swift in Sources */,
				28B665671B303D0F0094C888 /* GameOverScene.swift in Sources */,
				7B846DC71AFFA54A0040F7A8 /* Entity.swift in Sources */,
				7B74C5D91AFF95B3007748F3 /* LevelManager.swift in Sources */,
				7B74C5DD1AFF95CA007748F3 /* ScoreManager.swift in Sources */,
				7B74C5E11AFF95DF007748F3 /* Item.swift in Sources */,
				7B74C5E31AFF95F1007748F3 /* Player.swift in Sources */,
				28DC02201AF238C200B8E9DE /* GameScene.swift in Sources */,
				7B74C5D51AFF958F007748F3 /* SoundManager.swift in Sources */,
				28D3BFEE1B1F31D2000F21E5 /* SwiftyJSON.swift in Sources */,
				28DC02221AF238C200B8E9DE /* GameViewController.swift in Sources */,
				28DC021C1AF238C200B8E9DE /* AppDelegate.swift in Sources */,
				7B74C5D11AFF956A007748F3 /* RessourceManager.swift in Sources */,
				289D4F9F1B32D2CE009E8BAB /* GameMultiScene.swift in Sources */,
				7B74C5D31AFF9587007748F3 /* GameBaseScene.swift in Sources */,
			);
			runOnlyForDeploymentPostprocessing = 0;
		};
		28DC022B1AF238C200B8E9DE /* Sources */ = {
			isa = PBXSourcesBuildPhase;
			buildActionMask = 2147483647;
			files = (
				28DC02361AF238C200B8E9DE /* leopardrunTests.swift in Sources */,
			);
			runOnlyForDeploymentPostprocessing = 0;
		};
/* End PBXSourcesBuildPhase section */

/* Begin PBXTargetDependency section */
		28DC02311AF238C200B8E9DE /* PBXTargetDependency */ = {
			isa = PBXTargetDependency;
			target = 28DC02151AF238C200B8E9DE /* leopardrun */;
			targetProxy = 28DC02301AF238C200B8E9DE /* PBXContainerItemProxy */;
		};
/* End PBXTargetDependency section */

/* Begin PBXVariantGroup section */
		28DC02231AF238C200B8E9DE /* Main.storyboard */ = {
			isa = PBXVariantGroup;
			children = (
				28DC02241AF238C200B8E9DE /* Base */,
			);
			name = Main.storyboard;
			sourceTree = "<group>";
		};
		28DC02281AF238C200B8E9DE /* LaunchScreen.xib */ = {
			isa = PBXVariantGroup;
			children = (
				28DC02291AF238C200B8E9DE /* Base */,
			);
			name = LaunchScreen.xib;
			sourceTree = "<group>";
		};
/* End PBXVariantGroup section */

/* Begin XCBuildConfiguration section */
		28DC02371AF238C200B8E9DE /* Debug */ = {
			isa = XCBuildConfiguration;
			buildSettings = {
				ALWAYS_SEARCH_USER_PATHS = NO;
				CLANG_CXX_LANGUAGE_STANDARD = "gnu++0x";
				CLANG_CXX_LIBRARY = "libc++";
				CLANG_ENABLE_MODULES = YES;
				CLANG_ENABLE_OBJC_ARC = YES;
				CLANG_WARN_BOOL_CONVERSION = YES;
				CLANG_WARN_CONSTANT_CONVERSION = YES;
				CLANG_WARN_DIRECT_OBJC_ISA_USAGE = YES_ERROR;
				CLANG_WARN_EMPTY_BODY = YES;
				CLANG_WARN_ENUM_CONVERSION = YES;
				CLANG_WARN_INT_CONVERSION = YES;
				CLANG_WARN_OBJC_ROOT_CLASS = YES_ERROR;
				CLANG_WARN_UNREACHABLE_CODE = YES;
				CLANG_WARN__DUPLICATE_METHOD_MATCH = YES;
				CODE_SIGN_IDENTITY = "iPhone Developer: Felix Boettger (9YNSEQ7TYA)";
				"CODE_SIGN_IDENTITY[sdk=iphoneos*]" = "iPhone Developer: Felix Boettger (9YNSEQ7TYA)";
				COPY_PHASE_STRIP = NO;
				DEBUG_INFORMATION_FORMAT = "dwarf-with-dsym";
				ENABLE_STRICT_OBJC_MSGSEND = YES;
				GCC_C_LANGUAGE_STANDARD = gnu99;
				GCC_DYNAMIC_NO_PIC = NO;
				GCC_NO_COMMON_BLOCKS = YES;
				GCC_OPTIMIZATION_LEVEL = 0;
				GCC_PREPROCESSOR_DEFINITIONS = (
					"DEBUG=1",
					"$(inherited)",
				);
				GCC_SYMBOLS_PRIVATE_EXTERN = NO;
				GCC_WARN_64_TO_32_BIT_CONVERSION = YES;
				GCC_WARN_ABOUT_RETURN_TYPE = YES_ERROR;
				GCC_WARN_UNDECLARED_SELECTOR = YES;
				GCC_WARN_UNINITIALIZED_AUTOS = YES_AGGRESSIVE;
				GCC_WARN_UNUSED_FUNCTION = YES;
				GCC_WARN_UNUSED_VARIABLE = YES;
				IPHONEOS_DEPLOYMENT_TARGET = 8.3;
				MTL_ENABLE_DEBUG_INFO = YES;
				ONLY_ACTIVE_ARCH = YES;
				SDKROOT = iphoneos;
				SWIFT_OPTIMIZATION_LEVEL = "-Onone";
			};
			name = Debug;
		};
		28DC02381AF238C200B8E9DE /* Release */ = {
			isa = XCBuildConfiguration;
			buildSettings = {
				ALWAYS_SEARCH_USER_PATHS = NO;
				CLANG_CXX_LANGUAGE_STANDARD = "gnu++0x";
				CLANG_CXX_LIBRARY = "libc++";
				CLANG_ENABLE_MODULES = YES;
				CLANG_ENABLE_OBJC_ARC = YES;
				CLANG_WARN_BOOL_CONVERSION = YES;
				CLANG_WARN_CONSTANT_CONVERSION = YES;
				CLANG_WARN_DIRECT_OBJC_ISA_USAGE = YES_ERROR;
				CLANG_WARN_EMPTY_BODY = YES;
				CLANG_WARN_ENUM_CONVERSION = YES;
				CLANG_WARN_INT_CONVERSION = YES;
				CLANG_WARN_OBJC_ROOT_CLASS = YES_ERROR;
				CLANG_WARN_UNREACHABLE_CODE = YES;
				CLANG_WARN__DUPLICATE_METHOD_MATCH = YES;
				CODE_SIGN_IDENTITY = "iPhone Developer: Felix Boettger (9YNSEQ7TYA)";
				"CODE_SIGN_IDENTITY[sdk=iphoneos*]" = "iPhone Developer: Felix Boettger (9YNSEQ7TYA)";
				COPY_PHASE_STRIP = NO;
				DEBUG_INFORMATION_FORMAT = "dwarf-with-dsym";
				ENABLE_NS_ASSERTIONS = NO;
				ENABLE_STRICT_OBJC_MSGSEND = YES;
				GCC_C_LANGUAGE_STANDARD = gnu99;
				GCC_NO_COMMON_BLOCKS = YES;
				GCC_WARN_64_TO_32_BIT_CONVERSION = YES;
				GCC_WARN_ABOUT_RETURN_TYPE = YES_ERROR;
				GCC_WARN_UNDECLARED_SELECTOR = YES;
				GCC_WARN_UNINITIALIZED_AUTOS = YES_AGGRESSIVE;
				GCC_WARN_UNUSED_FUNCTION = YES;
				GCC_WARN_UNUSED_VARIABLE = YES;
				IPHONEOS_DEPLOYMENT_TARGET = 8.3;
				MTL_ENABLE_DEBUG_INFO = NO;
				SDKROOT = iphoneos;
				VALIDATE_PRODUCT = YES;
			};
			name = Release;
		};
		28DC023A1AF238C200B8E9DE /* Debug */ = {
			isa = XCBuildConfiguration;
			baseConfigurationReference = FCA38A97B366B847BA2F9187 /* Pods.debug.xcconfig */;
			buildSettings = {
				ASSETCATALOG_COMPILER_APPICON_NAME = AppIcon;
				CLANG_ENABLE_MODULES = YES;
				INFOPLIST_FILE = leopardrun/Info.plist;
				LD_RUNPATH_SEARCH_PATHS = "$(inherited) @executable_path/Frameworks";
				PRODUCT_NAME = "$(TARGET_NAME)";
				SWIFT_OBJC_BRIDGING_HEADER = "leopardrun/leopardrun-Bridging-Header.h";
				SWIFT_OPTIMIZATION_LEVEL = "-Onone";
			};
			name = Debug;
		};
		28DC023B1AF238C200B8E9DE /* Release */ = {
			isa = XCBuildConfiguration;
			baseConfigurationReference = 6CEDD501F473934333A4463F /* Pods.release.xcconfig */;
			buildSettings = {
				ASSETCATALOG_COMPILER_APPICON_NAME = AppIcon;
				CLANG_ENABLE_MODULES = YES;
				INFOPLIST_FILE = leopardrun/Info.plist;
				LD_RUNPATH_SEARCH_PATHS = "$(inherited) @executable_path/Frameworks";
				PRODUCT_NAME = "$(TARGET_NAME)";
				SWIFT_OBJC_BRIDGING_HEADER = "leopardrun/leopardrun-Bridging-Header.h";
			};
			name = Release;
		};
		28DC023D1AF238C200B8E9DE /* Debug */ = {
			isa = XCBuildConfiguration;
			buildSettings = {
				BUNDLE_LOADER = "$(TEST_HOST)";
				CODE_SIGN_IDENTITY = "iPhone Developer";
				"CODE_SIGN_IDENTITY[sdk=iphoneos*]" = "iPhone Developer";
				FRAMEWORK_SEARCH_PATHS = (
					"$(SDKROOT)/Developer/Library/Frameworks",
					"$(inherited)",
				);
				GCC_PREPROCESSOR_DEFINITIONS = (
					"DEBUG=1",
					"$(inherited)",
				);
				INFOPLIST_FILE = leopardrunTests/Info.plist;
				LD_RUNPATH_SEARCH_PATHS = "$(inherited) @executable_path/Frameworks @loader_path/Frameworks";
				PRODUCT_NAME = "$(TARGET_NAME)";
				PROVISIONING_PROFILE = "";
				TEST_HOST = "$(BUILT_PRODUCTS_DIR)/leopardrun.app/leopardrun";
			};
			name = Debug;
		};
		28DC023E1AF238C200B8E9DE /* Release */ = {
			isa = XCBuildConfiguration;
			buildSettings = {
				BUNDLE_LOADER = "$(TEST_HOST)";
				CODE_SIGN_IDENTITY = "iPhone Developer";
				"CODE_SIGN_IDENTITY[sdk=iphoneos*]" = "iPhone Developer";
				FRAMEWORK_SEARCH_PATHS = (
					"$(SDKROOT)/Developer/Library/Frameworks",
					"$(inherited)",
				);
				INFOPLIST_FILE = leopardrunTests/Info.plist;
				LD_RUNPATH_SEARCH_PATHS = "$(inherited) @executable_path/Frameworks @loader_path/Frameworks";
				PRODUCT_NAME = "$(TARGET_NAME)";
				PROVISIONING_PROFILE = "";
				TEST_HOST = "$(BUILT_PRODUCTS_DIR)/leopardrun.app/leopardrun";
			};
			name = Release;
		};
/* End XCBuildConfiguration section */

/* Begin XCConfigurationList section */
		28DC02111AF238C200B8E9DE /* Build configuration list for PBXProject "leopardrun" */ = {
			isa = XCConfigurationList;
			buildConfigurations = (
				28DC02371AF238C200B8E9DE /* Debug */,
				28DC02381AF238C200B8E9DE /* Release */,
			);
			defaultConfigurationIsVisible = 0;
			defaultConfigurationName = Release;
		};
		28DC02391AF238C200B8E9DE /* Build configuration list for PBXNativeTarget "leopardrun" */ = {
			isa = XCConfigurationList;
			buildConfigurations = (
				28DC023A1AF238C200B8E9DE /* Debug */,
				28DC023B1AF238C200B8E9DE /* Release */,
			);
			defaultConfigurationIsVisible = 0;
			defaultConfigurationName = Release;
		};
		28DC023C1AF238C200B8E9DE /* Build configuration list for PBXNativeTarget "leopardrunTests" */ = {
			isa = XCConfigurationList;
			buildConfigurations = (
				28DC023D1AF238C200B8E9DE /* Debug */,
				28DC023E1AF238C200B8E9DE /* Release */,
			);
			defaultConfigurationIsVisible = 0;
			defaultConfigurationName = Release;
		};
/* End XCConfigurationList section */
	};
	rootObject = 28DC020E1AF238C100B8E9DE /* Project object */;
}
